# THIS IS AN AUTOGENERATED FILE. DO NOT EDIT THIS FILE DIRECTLY.
# yarn lockfile v1


fastjson@^3.0.0:
  version "3.0.0"
  resolved "https://registry.yarnpkg.com/fastjson/-/fastjson-3.0.0.tgz#322c42f1ca9a84c7b38cd229ab6a8393fe113c03"
  integrity sha512-xS8wb2ocz8UNiVPuGYqfgS2pmKaxFYEqAKgCPDkOwofSmsKpmsNQfhaZV+GEsJ1nKWSsSaCbM9FD27d/fRHPMg==
